
Microsoft Visual Studio Solution File, Format Version 12.00
# Visual Studio Version 17
VisualStudioVersion = 17.13.35806.99 d17.13
MinimumVisualStudioVersion = 10.0.40219.1
Project("{FAE04EC0-301F-11D3-BF4B-00C04F79EFBC}") = "OnlineVotingAPI", "OnlineVotingAPI\OnlineVotingAPI.csproj", "{53442AF4-E28A-470C-A411-50B7F4E52FD6}"
EndProject
Global
	GlobalSection(SolutionConfigurationPlatforms) = preSolution
		Debug|Any CPU = Debug|Any CPU
		Release|Any CPU = Release|Any CPU
	EndGlobalSection
	GlobalSection(ProjectConfigurationPlatforms) = postSolution
		{53442AF4-E28A-470C-A411-50B7F4E52FD6}.Debug|Any CPU.ActiveCfg = Debug|Any CPU
		{53442AF4-E28A-470C-A411-50B7F4E52FD6}.Debug|Any CPU.Build.0 = Debug|Any CPU
		{53442AF4-E28A-470C-A411-50B7F4E52FD6}.Release|Any CPU.ActiveCfg = Release|Any CPU
		{53442AF4-E28A-470C-A411-50B7F4E52FD6}.Release|Any CPU.Build.0 = Release|Any CPU
	EndGlobalSection
	GlobalSection(SolutionProperties) = preSolution
		HideSolutionNode = FALSE
	EndGlobalSection
	GlobalSection(ExtensibilityGlobals) = postSolution
		SolutionGuid = {6CC7F176-8B53-4DA2-9516-B20E1B00402E}
	EndGlobalSection
EndGlobal
